{
  "name": "arg2",
  "lockfileVersion": 3,
  "requires": true,
  "packages": {
    "": {
      "dependencies": {
        "three": "^0.159.0",
        "three.interactive": "^1.7.0"
      }
    },
    "node_modules/three": {
      "version": "0.159.0",
      "resolved": "https://registry.npmjs.org/three/-/three-0.159.0.tgz",
      "integrity": "sha512-eCmhlLGbBgucuo4VEA9IO3Qpc7dh8Bd4VKzr7WfW4+8hMcIfoAVi1ev0pJYN9PTTsCslbcKgBwr2wNZ1EvLInA=="
    },
    "node_modules/three.interactive": {
      "version": "1.7.0",
      "resolved": "https://registry.npmjs.org/three.interactive/-/three.interactive-1.7.0.tgz",
      "integrity": "sha512-WuJijcJUT8cxiU3iP7FbqjN9EtU4xuVH/YR+jmEV4dG5ijNE8KeZcQtFRuK2dlJk4AGwCFte1GPUxAR7hYyo3g==",
      "peerDependencies": {
        "three": ">= 0.122.0"
      }
    }
  }
}
